// !$*UTF8*$!
{
	archiveVersion = 1;
	classes = {
	};
	objectVersion = 50;
	objects = {

/* Begin PBXBuildFile section */
		4FF6E92E23FBCDDA0035C8D3 /* AppDelegate.swift in Sources */ = {isa = PBXBuildFile; fileRef = 4FF6E92D23FBCDDA0035C8D3 /* AppDelegate.swift */; };
		4FF6E93023FBCDDA0035C8D3 /* SceneDelegate.swift in Sources */ = {isa = PBXBuildFile; fileRef = 4FF6E92F23FBCDDA0035C8D3 /* SceneDelegate.swift */; };
		4FF6E93223FBCDDA0035C8D3 /* ViewController.swift in Sources */ = {isa = PBXBuildFile; fileRef = 4FF6E93123FBCDDA0035C8D3 /* ViewController.swift */; };
		4FF6E93523FBCDDA0035C8D3 /* Main.storyboard in Resources */ = {isa = PBXBuildFile; fileRef = 4FF6E93323FBCDDA0035C8D3 /* Main.storyboard */; };
		4FF6E93723FBCDDD0035C8D3 /* Assets.xcassets in Resources */ = {isa = PBXBuildFile; fileRef = 4FF6E93623FBCDDD0035C8D3 /* Assets.xcassets */; };
		4FF6E93A23FBCDDD0035C8D3 /* LaunchScreen.storyboard in Resources */ = {isa = PBXBuildFile; fileRef = 4FF6E93823FBCDDD0035C8D3 /* LaunchScreen.storyboard */; };
/* End PBXBuildFile section */

/* Begin PBXFileReference section */
		4FF6E92A23FBCDDA0035C8D3 /* CollageAppDemo.app */ = {isa = PBXFileReference; explicitFileType = wrapper.application; includeInIndex = 0; path = CollageAppDemo.app; sourceTree = BUILT_PRODUCTS_DIR; };
		4FF6E92D23FBCDDA0035C8D3 /* AppDelegate.swift */ = {isa = PBXFileReference; lastKnownFileType = sourcecode.swift; path = AppDelegate.swift; sourceTree = "<group>"; };
		4FF6E92F23FBCDDA0035C8D3 /* SceneDelegate.swift */ = {isa = PBXFileReference; lastKnownFileType = sourcecode.swift; path = SceneDelegate.swift; sourceTree = "<group>"; };
		4FF6E93123FBCDDA0035C8D3 /* ViewController.swift */ = {isa = PBXFileReference; lastKnownFileType = sourcecode.swift; path = ViewController.swift; sourceTree = "<group>"; };
		4FF6E93423FBCDDA0035C8D3 /* Base */ = {isa = PBXFileReference; lastKnownFileType = file.storyboard; name = Base; path = Base.lproj/Main.storyboard; sourceTree = "<group>"; };
		4FF6E93623FBCDDD0035C8D3 /* Assets.xcassets */ = {isa = PBXFileReference; lastKnownFileType = folder.assetcatalog; path = Assets.xcassets; sourceTree = "<group>"; };
		4FF6E93923FBCDDD0035C8D3 /* Base */ = {isa = PBXFileReference; lastKnownFileType = file.storyboard; name = Base; path = Base.lproj/LaunchScreen.storyboard; sourceTree = "<group>"; };
		4FF6E93B23FBCDDD0035C8D3 /* Info.plist */ = {isa = PBXFileReference; lastKnownFileType = text.plist.xml; path = Info.plist; sourceTree = "<group>"; };
/* End PBXFileReference section */

/* Begin PBXFrameworksBuildPhase section */
		4FF6E92723FBCDDA0035C8D3 /* Frameworks */ = {
			isa = PBXFrameworksBuildPhase;
			buildActionMask = 2147483647;
			files = (
			);
			runOnlyForDeploymentPostprocessing = 0;
		};
/* End PBXFrameworksBuildPhase section */

/* Begin PBXGroup section */
		4FF6E92123FBCDDA0035C8D3 = {
			isa = PBXGroup;
			children = (
				4FF6E92C23FBCDDA0035C8D3 /* CollageAppDemo */,
				4FF6E92B23FBCDDA0035C8D3 /* Products */,
			);
			sourceTree = "<group>";
		};
		4FF6E92B23FBCDDA0035C8D3 /* Products */ = {
			isa = PBXGroup;
			children = (
				4FF6E92A23FBCDDA0035C8D3 /* CollageAppDemo.app */,
			);
			name = Products;
			sourceTree = "<group>";
		};
		4FF6E92C23FBCDDA0035C8D3 /* CollageAppDemo */ = {
			isa = PBXGroup;
			children = (
				4FF6E92D23FBCDDA0035C8D3 /* AppDelegate.swift */,
				4FF6E92F23FBCDDA0035C8D3 /* SceneDelegate.swift */,
				4FF6E93123FBCDDA0035C8D3 /* ViewController.swift */,
				4FF6E93323FBCDDA0035C8D3 /* Main.storyboard */,
				4FF6E93623FBCDDD0035C8D3 /* Assets.xcassets */,
				4FF6E93823FBCDDD0035C8D3 /* LaunchScreen.storyboard */,
				4FF6E93B23FBCDDD0035C8D3 /* Info.plist */,
			);
			path = CollageAppDemo;
			sourceTree = "<group>";
		};
/* End PBXGroup section */

/* Begin PBXNativeTarget section */
		4FF6E92923FBCDDA0035C8D3 /* CollageAppDemo */ = {
			isa = PBXNativeTarget;
			buildConfigurationList = 4FF6E93E23FBCDDD0035C8D3 /* Build configuration list for PBXNativeTarget "CollageAppDemo" */;
			buildPhases = (
				4FF6E92623FBCDDA0035C8D3 /* Sources */,
				4FF6E92723FBCDDA0035C8D3 /* Frameworks */,
				4FF6E92823FBCDDA0035C8D3 /* Resources */,
			);
			buildRules = (
			);
			dependencies = (
			);
			name = CollageAppDemo;
			productName = CollageAppDemo;
			productReference = 4FF6E92A23FBCDDA0035C8D3 /* CollageAppDemo.app */;
			productType = "com.apple.product-type.application";
		};
/* End PBXNativeTarget section */

/* Begin PBXProject section */
		4FF6E92223FBCDDA0035C8D3 /* Project object */ = {
			isa = PBXProject;
			attributes = {
				LastSwiftUpdateCheck = 1130;
				LastUpgradeCheck = 1130;
				ORGANIZATIONNAME = PC;
				TargetAttributes = {
					4FF6E92923FBCDDA0035C8D3 = {
						CreatedOnToolsVersion = 11.3.1;
					};
				};
			};
			buildConfigurationList = 4FF6E92523FBCDDA0035C8D3 /* Build configuration list for PBXProject "CollageAppDemo" */;
			compatibilityVersion = "Xcode 9.3";
			developmentRegion = en;
			hasScannedForEncodings = 0;
			knownRegions = (
				en,
				Base,
			);
			mainGroup = 4FF6E92123FBCDDA0035C8D3;
			productRefGroup = 4FF6E92B23FBCDDA0035C8D3 /* Products */;
			projectDirPath = "";
			projectRoot = "";
			targets = (
				4FF6E92923FBCDDA0035C8D3 /* CollageAppDemo */,
			);
		};
/* End PBXProject section */

/* Begin PBXResourcesBuildPhase section */
		4FF6E92823FBCDDA0035C8D3 /* Resources */ = {
			isa = PBXResourcesBuildPhase;
			buildActionMask = 2147483647;
			files = (
				4FF6E93A23FBCDDD0035C8D3 /* LaunchScreen.storyboard in Resources */,
				4FF6E93723FBCDDD0035C8D3 /* Assets.xcassets in Resources */,
				4FF6E93523FBCDDA0035C8D3 /* Main.storyboard in Resources */,
			);
			runOnlyForDeploymentPostprocessing = 0;
		};
/* End PBXResourcesBuildPhase section */

/* Begin PBXSourcesBuildPhase section */
		4FF6E92623FBCDDA0035C8D3 /* Sources */ = {
			isa = PBXSourcesBuildPhase;
			buildActionMask = 2147483647;
			files = (
				4FF6E93223FBCDDA0035C8D3 /* ViewController.swift in Sources */,
				4FF6E92E23FBCDDA0035C8D3 /* AppDelegate.swift in Sources */,
				4FF6E93023FBCDDA0035C8D3 /* SceneDelegate.swift in Sources */,
			);
			runOnlyForDeploymentPostprocessing = 0;
		};
/* End PBXSourcesBuildPhase section */

/* Begin PBXVariantGroup section */
		4FF6E93323FBCDDA0035C8D3 /* Main.storyboard */ = {
			isa = PBXVariantGroup;
			children = (
				4FF6E93423FBCDDA0035C8D3 /* Base */,
			);
			name = Main.storyboard;
			sourceTree = "<group>";
		};
		4FF6E93823FBCDDD0035C8D3 /* LaunchScreen.storyboard */ = {
			isa = PBXVariantGroup;
			children = (
				4FF6E93923FBCDDD0035C8D3 /* Base */,
			);
			name = LaunchScreen.storyboard;
			sourceTree = "<group>";
		};
/* End PBXVariantGroup section */

/* Begin XCBuildConfiguration section */
		4FF6E93C23FBCDDD0035C8D3 /* Debug */ = {
			isa = XCBuildConfiguration;
			buildSettings = {
				ALWAYS_SEARCH_USER_PATHS = NO;
				CLANG_ANALYZER_NONNULL = YES;
				CLANG_ANALYZER_NUMBER_OBJECT_CONVERSION = YES_AGGRESSIVE;
				CLANG_CXX_LANGUAGE_STANDARD = "gnu++14";
				CLANG_CXX_LIBRARY = "libc++";
				CLANG_ENABLE_MODULES = YES;
				CLANG_ENABLE_OBJC_ARC = YES;
				CLANG_ENABLE_OBJC_WEAK = YES;
				CLANG_WARN_BLOCK_CAPTURE_AUTORELEASING = YES;
				CLANG_WARN_BOOL_CONVERSION = YES;
				CLANG_WARN_COMMA = YES;
				CLANG_WARN_CONSTANT_CONVERSION = YES;
				CLANG_WARN_DEPRECATED_OBJC_IMPLEMENTATIONS = YES;
				CLANG_WARN_DIRECT_OBJC_ISA_USAGE = YES_ERROR;
				CLANG_WARN_DOCUMENTATION_COMMENTS = YES;
				CLANG_WARN_EMPTY_BODY = YES;
				CLANG_WARN_ENUM_CONVERSION = YES;
				CLANG_WARN_INFINITE_RECURSION = YES;
				CLANG_WARN_INT_CONVERSION = YES;
				CLANG_WARN_NON_LITERAL_NULL_CONVERSION = YES;
				CLANG_WARN_OBJC_IMPLICIT_RETAIN_SELF = YES;
				CLANG_WARN_OBJC_LITERAL_CONVERSION = YES;
				CLANG_WARN_OBJC_ROOT_CLASS = YES_ERROR;
				CLANG_WARN_RANGE_LOOP_ANALYSIS = YES;
				CLANG_WARN_STRICT_PROTOTYPES = YES;
				CLANG_WARN_SUSPICIOUS_MOVE = YES;
				CLANG_WARN_UNGUARDED_AVAILABILITY = YES_AGGRESSIVE;
				CLANG_WARN_UNREACHABLE_CODE = YES;
				CLANG_WARN__DUPLICATE_METHOD_MATCH = YES;
				COPY_PHASE_STRIP = NO;
				DEBUG_INFORMATION_FORMAT = dwarf;
				ENABLE_STRICT_OBJC_MSGSEND = YES;
				ENABLE_TESTABILITY = YES;
				GCC_C_LANGUAGE_STANDARD = gnu11;
				GCC_DYNAMIC_NO_PIC = NO;
				GCC_NO_COMMON_BLOCKS = YES;
				GCC_OPTIMIZATION_LEVEL = 0;
				GCC_PREPROCESSOR_DEFINITIONS = (
					"DEBUG=1",
					"$(inherited)",
				);
				GCC_WARN_64_TO_32_BIT_CONVERSION = YES;
				GCC_WARN_ABOUT_RETURN_TYPE = YES_ERROR;
				GCC_WARN_UNDECLARED_SELECTOR = YES;
				GCC_WARN_UNINITIALIZED_AUTOS = YES_AGGRESSIVE;
				GCC_WARN_UNUSED_FUNCTION = YES;
				GCC_WARN_UNUSED_VARIABLE = YES;
				IPHONEOS_DEPLOYMENT_TARGET = 13.2;
				MTL_ENABLE_DEBUG_INFO = INCLUDE_SOURCE;
				MTL_FAST_MATH = YES;
				ONLY_ACTIVE_ARCH = YES;
				SDKROOT = iphoneos;
				SWIFT_ACTIVE_COMPILATION_CONDITIONS = DEBUG;
				SWIFT_OPTIMIZATION_LEVEL = "-Onone";
			};
			name = Debug;
		};
		4FF6E93D23FBCDDD0035C8D3 /* Release */ = {
			isa = XCBuildConfiguration;
			buildSettings = {
				ALWAYS_SEARCH_USER_PATHS = NO;
				CLANG_ANALYZER_NONNULL = YES;
				CLANG_ANALYZER_NUMBER_OBJECT_CONVERSION = YES_AGGRESSIVE;
				CLANG_CXX_LANGUAGE_STANDARD = "gnu++14";
				CLANG_CXX_LIBRARY = "libc++";
				CLANG_ENABLE_MODULES = YES;
				CLANG_ENABLE_OBJC_ARC = YES;
				CLANG_ENABLE_OBJC_WEAK = YES;
				CLANG_WARN_BLOCK_CAPTURE_AUTORELEASING = YES;
				CLANG_WARN_BOOL_CONVERSION = YES;
				CLANG_WARN_COMMA = YES;
				CLANG_WARN_CONSTANT_CONVERSION = YES;
				CLANG_WARN_DEPRECATED_OBJC_IMPLEMENTATIONS = YES;
				CLANG_WARN_DIRECT_OBJC_ISA_USAGE = YES_ERROR;
				CLANG_WARN_DOCUMENTATION_COMMENTS = YES;
				CLANG_WARN_EMPTY_BODY = YES;
				CLANG_WARN_ENUM_CONVERSION = YES;
				CLANG_WARN_INFINITE_RECURSION = YES;
				CLANG_WARN_INT_CONVERSION = YES;
				CLANG_WARN_NON_LITERAL_NULL_CONVERSION = YES;
				CLANG_WARN_OBJC_IMPLICIT_RETAIN_SELF = YES;
				CLANG_WARN_OBJC_LITERAL_CONVERSION = YES;
				CLANG_WARN_OBJC_ROOT_CLASS = YES_ERROR;
				CLANG_WARN_RANGE_LOOP_ANALYSIS = YES;
				CLANG_WARN_STRICT_PROTOTYPES = YES;
				CLANG_WARN_SUSPICIOUS_MOVE = YES;
				CLANG_WARN_UNGUARDED_AVAILABILITY = YES_AGGRESSIVE;
				CLANG_WARN_UNREACHABLE_CODE = YES;
				CLANG_WARN__DUPLICATE_METHOD_MATCH = YES;
				COPY_PHASE_STRIP = NO;
				DEBUG_INFORMATION_FORMAT = "dwarf-with-dsym";
				ENABLE_NS_ASSERTIONS = NO;
				ENABLE_STRICT_OBJC_MSGSEND = YES;
				GCC_C_LANGUAGE_STANDARD = gnu11;
				GCC_NO_COMMON_BLOCKS = YES;
				GCC_WARN_64_TO_32_BIT_CONVERSION = YES;
				GCC_WARN_ABOUT_RETURN_TYPE = YES_ERROR;
				GCC_WARN_UNDECLARED_SELECTOR = YES;
				GCC_WARN_UNINITIALIZED_AUTOS = YES_AGGRESSIVE;
				GCC_WARN_UNUSED_FUNCTION = YES;
				GCC_WARN_UNUSED_VARIABLE = YES;
				IPHONEOS_DEPLOYMENT_TARGET = 13.2;
				MTL_ENABLE_DEBUG_INFO = NO;
				MTL_FAST_MATH = YES;
				SDKROOT = iphoneos;
				SWIFT_COMPILATION_MODE = wholemodule;
				SWIFT_OPTIMIZATION_LEVEL = "-O";
				VALIDATE_PRODUCT = YES;
			};
			name = Release;
		};
		4FF6E93F23FBCDDD0035C8D3 /* Debug */ = {
			isa = XCBuildConfiguration;
			buildSettings = {
				ASSETCATALOG_COMPILER_APPICON_NAME = AppIcon;
				CODE_SIGN_STYLE = Automatic;
				INFOPLIST_FILE = CollageAppDemo/Info.plist;
				LD_RUNPATH_SEARCH_PATHS = (
					"$(inherited)",
					"@executable_path/Frameworks",
				);
				PRODUCT_BUNDLE_IDENTIFIER = com.techark.CollageAppDemo;
				PRODUCT_NAME = "$(TARGET_NAME)";
				SWIFT_VERSION = 5.0;
				TARGETED_DEVICE_FAMILY = "1,2";
			};
			name = Debug;
		};
		4FF6E94023FBCDDD0035C8D3 /* Release */ = {
			isa = XCBuildConfiguration;
			buildSettings = {
				ASSETCATALOG_COMPILER_APPICON_NAME = AppIcon;
				CODE_SIGN_STYLE = Automatic;
				INFOPLIST_FILE = CollageAppDemo/Info.plist;
				LD_RUNPATH_SEARCH_PATHS = (
					"$(inherited)",
					"@executable_path/Frameworks",
				);
				PRODUCT_BUNDLE_IDENTIFIER = com.techark.CollageAppDemo;
				PRODUCT_NAME = "$(TARGET_NAME)";
				SWIFT_VERSION = 5.0;
				TARGETED_DEVICE_FAMILY = "1,2";
			};
			name = Release;
		};
/* End XCBuildConfiguration section */

/* Begin XCConfigurationList section */
		4FF6E92523FBCDDA0035C8D3 /* Build configuration list for PBXProject "CollageAppDemo" */ = {
			isa = XCConfigurationList;
			buildConfigurations = (
				4FF6E93C23FBCDDD0035C8D3 /* Debug */,
				4FF6E93D23FBCDDD0035C8D3 /* Release */,
			);
			defaultConfigurationIsVisible = 0;
			defaultConfigurationName = Release;
		};
		4FF6E93E23FBCDDD0035C8D3 /* Build configuration list for PBXNativeTarget "CollageAppDemo" */ = {
			isa = XCConfigurationList;
			buildConfigurations = (
				4FF6E93F23FBCDDD0035C8D3 /* Debug */,
				4FF6E94023FBCDDD0035C8D3 /* Release */,
			);
			defaultConfigurationIsVisible = 0;
			defaultConfigurationName = Release;
		};
/* End XCConfigurationList section */
	};
	rootObject = 4FF6E92223FBCDDA0035C8D3 /* Project object */;
}
